
Microsoft Visual Studio Solution File, Format Version 12.00
# Visual Studio Version 17
VisualStudioVersion = 17.2.32602.215
MinimumVisualStudioVersion = 10.0.40219.1
Project("{9A19103F-16F7-4668-BE54-9A1E7A4F7556}") = "EDFTests", "Tests\EDFTests.csproj", "{077F4371-C947-4193-AB00-7EE21365C79C}"
EndProject
Project("{9A19103F-16F7-4668-BE54-9A1E7A4F7556}") = "EDF", "EDF\EDF.csproj", "{B5562BE0-8C88-42A5-8078-15C1DC810F9C}"
EndProject
Project("{FAE04EC0-301F-11D3-BF4B-00C04F79EFBC}") = "EDF.Viewer", "EDF.Viewer\EDF.Viewer.csproj", "{9759E8B9-8F41-47A6-81B2-845E897F376F}"
EndProject
Global
	GlobalSection(SolutionConfigurationPlatforms) = preSolution
		Debug|Any CPU = Debug|Any CPU
		Debug|x64 = Debug|x64
		Debug|x86 = Debug|x86
		Release|Any CPU = Release|Any CPU
		Release|x64 = Release|x64
		Release|x86 = Release|x86
	EndGlobalSection
	GlobalSection(ProjectConfigurationPlatforms) = postSolution
		{077F4371-C947-4193-AB00-7EE21365C79C}.Debug|Any CPU.ActiveCfg = Debug|Any CPU
		{077F4371-C947-4193-AB00-7EE21365C79C}.Debug|Any CPU.Build.0 = Debug|Any CPU
		{077F4371-C947-4193-AB00-7EE21365C79C}.Debug|x64.ActiveCfg = Debug|Any CPU
		{077F4371-C947-4193-AB00-7EE21365C79C}.Debug|x64.Build.0 = Debug|Any CPU
		{077F4371-C947-4193-AB00-7EE21365C79C}.Debug|x86.ActiveCfg = Debug|x86
		{077F4371-C947-4193-AB00-7EE21365C79C}.Debug|x86.Build.0 = Debug|x86
		{077F4371-C947-4193-AB00-7EE21365C79C}.Release|Any CPU.ActiveCfg = Release|Any CPU
		{077F4371-C947-4193-AB00-7EE21365C79C}.Release|Any CPU.Build.0 = Release|Any CPU
		{077F4371-C947-4193-AB00-7EE21365C79C}.Release|x64.ActiveCfg = Release|Any CPU
		{077F4371-C947-4193-AB00-7EE21365C79C}.Release|x64.Build.0 = Release|Any CPU
		{077F4371-C947-4193-AB00-7EE21365C79C}.Release|x86.ActiveCfg = Release|x86
		{077F4371-C947-4193-AB00-7EE21365C79C}.Release|x86.Build.0 = Release|x86
		{B5562BE0-8C88-42A5-8078-15C1DC810F9C}.Debug|Any CPU.ActiveCfg = Debug|Any CPU
		{B5562BE0-8C88-42A5-8078-15C1DC810F9C}.Debug|Any CPU.Build.0 = Debug|Any CPU
		{B5562BE0-8C88-42A5-8078-15C1DC810F9C}.Debug|x64.ActiveCfg = Debug|x64
		{B5562BE0-8C88-42A5-8078-15C1DC810F9C}.Debug|x64.Build.0 = Debug|x64
		{B5562BE0-8C88-42A5-8078-15C1DC810F9C}.Debug|x86.ActiveCfg = Debug|x86
		{B5562BE0-8C88-42A5-8078-15C1DC810F9C}.Debug|x86.Build.0 = Debug|x86
		{B5562BE0-8C88-42A5-8078-15C1DC810F9C}.Release|Any CPU.ActiveCfg = Release|Any CPU
		{B5562BE0-8C88-42A5-8078-15C1DC810F9C}.Release|Any CPU.Build.0 = Release|Any CPU
		{B5562BE0-8C88-42A5-8078-15C1DC810F9C}.Release|x64.ActiveCfg = Release|x64
		{B5562BE0-8C88-42A5-8078-15C1DC810F9C}.Release|x64.Build.0 = Release|x64
		{B5562BE0-8C88-42A5-8078-15C1DC810F9C}.Release|x86.ActiveCfg = Release|x86
		{B5562BE0-8C88-42A5-8078-15C1DC810F9C}.Release|x86.Build.0 = Release|x86
		{9759E8B9-8F41-47A6-81B2-845E897F376F}.Debug|Any CPU.ActiveCfg = Debug|Any CPU
		{9759E8B9-8F41-47A6-81B2-845E897F376F}.Debug|Any CPU.Build.0 = Debug|Any CPU
		{9759E8B9-8F41-47A6-81B2-845E897F376F}.Debug|x64.ActiveCfg = Debug|Any CPU
		{9759E8B9-8F41-47A6-81B2-845E897F376F}.Debug|x64.Build.0 = Debug|Any CPU
		{9759E8B9-8F41-47A6-81B2-845E897F376F}.Debug|x86.ActiveCfg = Debug|Any CPU
		{9759E8B9-8F41-47A6-81B2-845E897F376F}.Debug|x86.Build.0 = Debug|Any CPU
		{9759E8B9-8F41-47A6-81B2-845E897F376F}.Release|Any CPU.ActiveCfg = Release|Any CPU
		{9759E8B9-8F41-47A6-81B2-845E897F376F}.Release|Any CPU.Build.0 = Release|Any CPU
		{9759E8B9-8F41-47A6-81B2-845E897F376F}.Release|x64.ActiveCfg = Release|Any CPU
		{9759E8B9-8F41-47A6-81B2-845E897F376F}.Release|x64.Build.0 = Release|Any CPU
		{9759E8B9-8F41-47A6-81B2-845E897F376F}.Release|x86.ActiveCfg = Release|Any CPU
		{9759E8B9-8F41-47A6-81B2-845E897F376F}.Release|x86.Build.0 = Release|Any CPU
	EndGlobalSection
	GlobalSection(SolutionProperties) = preSolution
		HideSolutionNode = FALSE
	EndGlobalSection
	GlobalSection(ExtensibilityGlobals) = postSolution
		SolutionGuid = {2B1A4C2B-B7E7-42B3-9FD6-1D7CBEF79A42}
	EndGlobalSection
EndGlobal
